// !$*UTF8*$!
{
	archiveVersion = 1;
	classes = {
	};
	objectVersion = 46;
	objects = {

/* Begin PBXBuildFile section */
		49A3B7B4194067CF00290A9F /* Foundation.framework in Frameworks */ = {isa = PBXBuildFile; fileRef = 49A3B7B3194067CF00290A9F /* Foundation.framework */; };
		49A3B7B6194067CF00290A9F /* CoreGraphics.framework in Frameworks */ = {isa = PBXBuildFile; fileRef = 49A3B7B5194067CF00290A9F /* CoreGraphics.framework */; };
		49A3B7B8194067CF00290A9F /* UIKit.framework in Frameworks */ = {isa = PBXBuildFile; fileRef = 49A3B7B7194067CF00290A9F /* UIKit.framework */; };
		49A3B7BE194067CF00290A9F /* InfoPlist.strings in Resources */ = {isa = PBXBuildFile; fileRef = 49A3B7BC194067CF00290A9F /* InfoPlist.strings */; };
		49A3B7C0194067CF00290A9F /* main.m in Sources */ = {isa = PBXBuildFile; fileRef = 49A3B7BF194067CF00290A9F /* main.m */; };
		49A3B7C4194067CF00290A9F /* CFStringCreateWithBytesTestAppDelegate.m in Sources */ = {isa = PBXBuildFile; fileRef = 49A3B7C3194067CF00290A9F /* CFStringCreateWithBytesTestAppDelegate.m */; };
		49A3B7C7194067CF00290A9F /* Main_iPhone.storyboard in Resources */ = {isa = PBXBuildFile; fileRef = 49A3B7C5194067CF00290A9F /* Main_iPhone.storyboard */; };
		49A3B7CA194067CF00290A9F /* Main_iPad.storyboard in Resources */ = {isa = PBXBuildFile; fileRef = 49A3B7C8194067CF00290A9F /* Main_iPad.storyboard */; };
		49A3B7CD194067CF00290A9F /* CFStringCreateWithBytesTestViewController.m in Sources */ = {isa = PBXBuildFile; fileRef = 49A3B7CC194067CF00290A9F /* CFStringCreateWithBytesTestViewController.m */; };
		49A3B7CF194067CF00290A9F /* Images.xcassets in Resources */ = {isa = PBXBuildFile; fileRef = 49A3B7CE194067CF00290A9F /* Images.xcassets */; };
		49A3B7D6194067CF00290A9F /* XCTest.framework in Frameworks */ = {isa = PBXBuildFile; fileRef = 49A3B7D5194067CF00290A9F /* XCTest.framework */; };
		49A3B7D7194067CF00290A9F /* Foundation.framework in Frameworks */ = {isa = PBXBuildFile; fileRef = 49A3B7B3194067CF00290A9F /* Foundation.framework */; };
		49A3B7D8194067CF00290A9F /* UIKit.framework in Frameworks */ = {isa = PBXBuildFile; fileRef = 49A3B7B7194067CF00290A9F /* UIKit.framework */; };
		49A3B7E0194067CF00290A9F /* InfoPlist.strings in Resources */ = {isa = PBXBuildFile; fileRef = 49A3B7DE194067CF00290A9F /* InfoPlist.strings */; };
		49A3B7E2194067CF00290A9F /* CFStringCreateWithBytesTestTests.m in Sources */ = {isa = PBXBuildFile; fileRef = 49A3B7E1194067CF00290A9F /* CFStringCreateWithBytesTestTests.m */; };
/* End PBXBuildFile section */

/* Begin PBXContainerItemProxy section */
		49A3B7D9194067CF00290A9F /* PBXContainerItemProxy */ = {
			isa = PBXContainerItemProxy;
			containerPortal = 49A3B7A8194067CE00290A9F /* Project object */;
			proxyType = 1;
			remoteGlobalIDString = 49A3B7AF194067CF00290A9F;
			remoteInfo = CFStringCreateWithBytesTest;
		};
/* End PBXContainerItemProxy section */

/* Begin PBXFileReference section */
		49A3B7B0194067CF00290A9F /* CFStringCreateWithBytesTest.app */ = {isa = PBXFileReference; explicitFileType = wrapper.application; includeInIndex = 0; path = CFStringCreateWithBytesTest.app; sourceTree = BUILT_PRODUCTS_DIR; };
		49A3B7B3194067CF00290A9F /* Foundation.framework */ = {isa = PBXFileReference; lastKnownFileType = wrapper.framework; name = Foundation.framework; path = System/Library/Frameworks/Foundation.framework; sourceTree = SDKROOT; };
		49A3B7B5194067CF00290A9F /* CoreGraphics.framework */ = {isa = PBXFileReference; lastKnownFileType = wrapper.framework; name = CoreGraphics.framework; path = System/Library/Frameworks/CoreGraphics.framework; sourceTree = SDKROOT; };
		49A3B7B7194067CF00290A9F /* UIKit.framework */ = {isa = PBXFileReference; lastKnownFileType = wrapper.framework; name = UIKit.framework; path = System/Library/Frameworks/UIKit.framework; sourceTree = SDKROOT; };
		49A3B7BB194067CF00290A9F /* CFStringCreateWithBytesTest-Info.plist */ = {isa = PBXFileReference; lastKnownFileType = text.plist.xml; path = "CFStringCreateWithBytesTest-Info.plist"; sourceTree = "<group>"; };
		49A3B7BD194067CF00290A9F /* en */ = {isa = PBXFileReference; lastKnownFileType = text.plist.strings; name = en; path = en.lproj/InfoPlist.strings; sourceTree = "<group>"; };
		49A3B7BF194067CF00290A9F /* main.m */ = {isa = PBXFileReference; lastKnownFileType = sourcecode.c.objc; path = main.m; sourceTree = "<group>"; };
		49A3B7C1194067CF00290A9F /* CFStringCreateWithBytesTest-Prefix.pch */ = {isa = PBXFileReference; lastKnownFileType = sourcecode.c.h; path = "CFStringCreateWithBytesTest-Prefix.pch"; sourceTree = "<group>"; };
		49A3B7C2194067CF00290A9F /* CFStringCreateWithBytesTestAppDelegate.h */ = {isa = PBXFileReference; lastKnownFileType = sourcecode.c.h; path = CFStringCreateWithBytesTestAppDelegate.h; sourceTree = "<group>"; };
		49A3B7C3194067CF00290A9F /* CFStringCreateWithBytesTestAppDelegate.m */ = {isa = PBXFileReference; lastKnownFileType = sourcecode.c.objc; path = CFStringCreateWithBytesTestAppDelegate.m; sourceTree = "<group>"; };
		49A3B7C6194067CF00290A9F /* Base */ = {isa = PBXFileReference; lastKnownFileType = file.storyboard; name = Base; path = Base.lproj/Main_iPhone.storyboard; sourceTree = "<group>"; };
		49A3B7C9194067CF00290A9F /* Base */ = {isa = PBXFileReference; lastKnownFileType = file.storyboard; name = Base; path = Base.lproj/Main_iPad.storyboard; sourceTree = "<group>"; };
		49A3B7CB194067CF00290A9F /* CFStringCreateWithBytesTestViewController.h */ = {isa = PBXFileReference; lastKnownFileType = sourcecode.c.h; path = CFStringCreateWithBytesTestViewController.h; sourceTree = "<group>"; };
		49A3B7CC194067CF00290A9F /* CFStringCreateWithBytesTestViewController.m */ = {isa = PBXFileReference; lastKnownFileType = sourcecode.c.objc; path = CFStringCreateWithBytesTestViewController.m; sourceTree = "<group>"; };
		49A3B7CE194067CF00290A9F /* Images.xcassets */ = {isa = PBXFileReference; lastKnownFileType = folder.assetcatalog; path = Images.xcassets; sourceTree = "<group>"; };
		49A3B7D4194067CF00290A9F /* CFStringCreateWithBytesTestTests.xctest */ = {isa = PBXFileReference; explicitFileType = wrapper.cfbundle; includeInIndex = 0; path = CFStringCreateWithBytesTestTests.xctest; sourceTree = BUILT_PRODUCTS_DIR; };
		49A3B7D5194067CF00290A9F /* XCTest.framework */ = {isa = PBXFileReference; lastKnownFileType = wrapper.framework; name = XCTest.framework; path = Library/Frameworks/XCTest.framework; sourceTree = DEVELOPER_DIR; };
		49A3B7DD194067CF00290A9F /* CFStringCreateWithBytesTestTests-Info.plist */ = {isa = PBXFileReference; lastKnownFileType = text.plist.xml; path = "CFStringCreateWithBytesTestTests-Info.plist"; sourceTree = "<group>"; };
		49A3B7DF194067CF00290A9F /* en */ = {isa = PBXFileReference; lastKnownFileType = text.plist.strings; name = en; path = en.lproj/InfoPlist.strings; sourceTree = "<group>"; };
		49A3B7E1194067CF00290A9F /* CFStringCreateWithBytesTestTests.m */ = {isa = PBXFileReference; lastKnownFileType = sourcecode.c.objc; path = CFStringCreateWithBytesTestTests.m; sourceTree = "<group>"; };
/* End PBXFileReference section */

/* Begin PBXFrameworksBuildPhase section */
		49A3B7AD194067CF00290A9F /* Frameworks */ = {
			isa = PBXFrameworksBuildPhase;
			buildActionMask = 2147483647;
			files = (
				49A3B7B6194067CF00290A9F /* CoreGraphics.framework in Frameworks */,
				49A3B7B8194067CF00290A9F /* UIKit.framework in Frameworks */,
				49A3B7B4194067CF00290A9F /* Foundation.framework in Frameworks */,
			);
			runOnlyForDeploymentPostprocessing = 0;
		};
		49A3B7D1194067CF00290A9F /* Frameworks */ = {
			isa = PBXFrameworksBuildPhase;
			buildActionMask = 2147483647;
			files = (
				49A3B7D6194067CF00290A9F /* XCTest.framework in Frameworks */,
				49A3B7D8194067CF00290A9F /* UIKit.framework in Frameworks */,
				49A3B7D7194067CF00290A9F /* Foundation.framework in Frameworks */,
			);
			runOnlyForDeploymentPostprocessing = 0;
		};
/* End PBXFrameworksBuildPhase section */

/* Begin PBXGroup section */
		49A3B7A7194067CE00290A9F = {
			isa = PBXGroup;
			children = (
				49A3B7B9194067CF00290A9F /* CFStringCreateWithBytesTest */,
				49A3B7DB194067CF00290A9F /* CFStringCreateWithBytesTestTests */,
				49A3B7B2194067CF00290A9F /* Frameworks */,
				49A3B7B1194067CF00290A9F /* Products */,
			);
			sourceTree = "<group>";
		};
		49A3B7B1194067CF00290A9F /* Products */ = {
			isa = PBXGroup;
			children = (
				49A3B7B0194067CF00290A9F /* CFStringCreateWithBytesTest.app */,
				49A3B7D4194067CF00290A9F /* CFStringCreateWithBytesTestTests.xctest */,
			);
			name = Products;
			sourceTree = "<group>";
		};
		49A3B7B2194067CF00290A9F /* Frameworks */ = {
			isa = PBXGroup;
			children = (
				49A3B7B3194067CF00290A9F /* Foundation.framework */,
				49A3B7B5194067CF00290A9F /* CoreGraphics.framework */,
				49A3B7B7194067CF00290A9F /* UIKit.framework */,
				49A3B7D5194067CF00290A9F /* XCTest.framework */,
			);
			name = Frameworks;
			sourceTree = "<group>";
		};
		49A3B7B9194067CF00290A9F /* CFStringCreateWithBytesTest */ = {
			isa = PBXGroup;
			children = (
				49A3B7C2194067CF00290A9F /* CFStringCreateWithBytesTestAppDelegate.h */,
				49A3B7C3194067CF00290A9F /* CFStringCreateWithBytesTestAppDelegate.m */,
				49A3B7C5194067CF00290A9F /* Main_iPhone.storyboard */,
				49A3B7C8194067CF00290A9F /* Main_iPad.storyboard */,
				49A3B7CB194067CF00290A9F /* CFStringCreateWithBytesTestViewController.h */,
				49A3B7CC194067CF00290A9F /* CFStringCreateWithBytesTestViewController.m */,
				49A3B7CE194067CF00290A9F /* Images.xcassets */,
				49A3B7BA194067CF00290A9F /* Supporting Files */,
			);
			path = CFStringCreateWithBytesTest;
			sourceTree = "<group>";
		};
		49A3B7BA194067CF00290A9F /* Supporting Files */ = {
			isa = PBXGroup;
			children = (
				49A3B7BB194067CF00290A9F /* CFStringCreateWithBytesTest-Info.plist */,
				49A3B7BC194067CF00290A9F /* InfoPlist.strings */,
				49A3B7BF194067CF00290A9F /* main.m */,
				49A3B7C1194067CF00290A9F /* CFStringCreateWithBytesTest-Prefix.pch */,
			);
			name = "Supporting Files";
			sourceTree = "<group>";
		};
		49A3B7DB194067CF00290A9F /* CFStringCreateWithBytesTestTests */ = {
			isa = PBXGroup;
			children = (
				49A3B7E1194067CF00290A9F /* CFStringCreateWithBytesTestTests.m */,
				49A3B7DC194067CF00290A9F /* Supporting Files */,
			);
			path = CFStringCreateWithBytesTestTests;
			sourceTree = "<group>";
		};
		49A3B7DC194067CF00290A9F /* Supporting Files */ = {
			isa = PBXGroup;
			children = (
				49A3B7DD194067CF00290A9F /* CFStringCreateWithBytesTestTests-Info.plist */,
				49A3B7DE194067CF00290A9F /* InfoPlist.strings */,
			);
			name = "Supporting Files";
			sourceTree = "<group>";
		};
/* End PBXGroup section */

/* Begin PBXNativeTarget section */
		49A3B7AF194067CF00290A9F /* CFStringCreateWithBytesTest */ = {
			isa = PBXNativeTarget;
			buildConfigurationList = 49A3B7E5194067CF00290A9F /* Build configuration list for PBXNativeTarget "CFStringCreateWithBytesTest" */;
			buildPhases = (
				49A3B7AC194067CF00290A9F /* Sources */,
				49A3B7AD194067CF00290A9F /* Frameworks */,
				49A3B7AE194067CF00290A9F /* Resources */,
			);
			buildRules = (
			);
			dependencies = (
			);
			name = CFStringCreateWithBytesTest;
			productName = CFStringCreateWithBytesTest;
			productReference = 49A3B7B0194067CF00290A9F /* CFStringCreateWithBytesTest.app */;
			productType = "com.apple.product-type.application";
		};
		49A3B7D3194067CF00290A9F /* CFStringCreateWithBytesTestTests */ = {
			isa = PBXNativeTarget;
			buildConfigurationList = 49A3B7E8194067CF00290A9F /* Build configuration list for PBXNativeTarget "CFStringCreateWithBytesTestTests" */;
			buildPhases = (
				49A3B7D0194067CF00290A9F /* Sources */,
				49A3B7D1194067CF00290A9F /* Frameworks */,
				49A3B7D2194067CF00290A9F /* Resources */,
			);
			buildRules = (
			);
			dependencies = (
				49A3B7DA194067CF00290A9F /* PBXTargetDependency */,
			);
			name = CFStringCreateWithBytesTestTests;
			productName = CFStringCreateWithBytesTestTests;
			productReference = 49A3B7D4194067CF00290A9F /* CFStringCreateWithBytesTestTests.xctest */;
			productType = "com.apple.product-type.bundle.unit-test";
		};
/* End PBXNativeTarget section */

/* Begin PBXProject section */
		49A3B7A8194067CE00290A9F /* Project object */ = {
			isa = PBXProject;
			attributes = {
				CLASSPREFIX = CFStringCreateWithBytesTest;
				LastUpgradeCheck = 0510;
				ORGANIZATIONNAME = alibaba;
				TargetAttributes = {
					49A3B7D3194067CF00290A9F = {
						TestTargetID = 49A3B7AF194067CF00290A9F;
					};
				};
			};
			buildConfigurationList = 49A3B7AB194067CE00290A9F /* Build configuration list for PBXProject "CFStringCreateWithBytesTest" */;
			compatibilityVersion = "Xcode 3.2";
			developmentRegion = English;
			hasScannedForEncodings = 0;
			knownRegions = (
				en,
				Base,
			);
			mainGroup = 49A3B7A7194067CE00290A9F;
			productRefGroup = 49A3B7B1194067CF00290A9F /* Products */;
			projectDirPath = "";
			projectRoot = "";
			targets = (
				49A3B7AF194067CF00290A9F /* CFStringCreateWithBytesTest */,
				49A3B7D3194067CF00290A9F /* CFStringCreateWithBytesTestTests */,
			);
		};
/* End PBXProject section */

/* Begin PBXResourcesBuildPhase section */
		49A3B7AE194067CF00290A9F /* Resources */ = {
			isa = PBXResourcesBuildPhase;
			buildActionMask = 2147483647;
			files = (
				49A3B7CA194067CF00290A9F /* Main_iPad.storyboard in Resources */,
				49A3B7CF194067CF00290A9F /* Images.xcassets in Resources */,
				49A3B7C7194067CF00290A9F /* Main_iPhone.storyboard in Resources */,
				49A3B7BE194067CF00290A9F /* InfoPlist.strings in Resources */,
			);
			runOnlyForDeploymentPostprocessing = 0;
		};
		49A3B7D2194067CF00290A9F /* Resources */ = {
			isa = PBXResourcesBuildPhase;
			buildActionMask = 2147483647;
			files = (
				49A3B7E0194067CF00290A9F /* InfoPlist.strings in Resources */,
			);
			runOnlyForDeploymentPostprocessing = 0;
		};
/* End PBXResourcesBuildPhase section */

/* Begin PBXSourcesBuildPhase section */
		49A3B7AC194067CF00290A9F /* Sources */ = {
			isa = PBXSourcesBuildPhase;
			buildActionMask = 2147483647;
			files = (
				49A3B7C4194067CF00290A9F /* CFStringCreateWithBytesTestAppDelegate.m in Sources */,
				49A3B7CD194067CF00290A9F /* CFStringCreateWithBytesTestViewController.m in Sources */,
				49A3B7C0194067CF00290A9F /* main.m in Sources */,
			);
			runOnlyForDeploymentPostprocessing = 0;
		};
		49A3B7D0194067CF00290A9F /* Sources */ = {
			isa = PBXSourcesBuildPhase;
			buildActionMask = 2147483647;
			files = (
				49A3B7E2194067CF00290A9F /* CFStringCreateWithBytesTestTests.m in Sources */,
			);
			runOnlyForDeploymentPostprocessing = 0;
		};
/* End PBXSourcesBuildPhase section */

/* Begin PBXTargetDependency section */
		49A3B7DA194067CF00290A9F /* PBXTargetDependency */ = {
			isa = PBXTargetDependency;
			target = 49A3B7AF194067CF00290A9F /* CFStringCreateWithBytesTest */;
			targetProxy = 49A3B7D9194067CF00290A9F /* PBXContainerItemProxy */;
		};
/* End PBXTargetDependency section */

/* Begin PBXVariantGroup section */
		49A3B7BC194067CF00290A9F /* InfoPlist.strings */ = {
			isa = PBXVariantGroup;
			children = (
				49A3B7BD194067CF00290A9F /* en */,
			);
			name = InfoPlist.strings;
			sourceTree = "<group>";
		};
		49A3B7C5194067CF00290A9F /* Main_iPhone.storyboard */ = {
			isa = PBXVariantGroup;
			children = (
				49A3B7C6194067CF00290A9F /* Base */,
			);
			name = Main_iPhone.storyboard;
			sourceTree = "<group>";
		};
		49A3B7C8194067CF00290A9F /* Main_iPad.storyboard */ = {
			isa = PBXVariantGroup;
			children = (
				49A3B7C9194067CF00290A9F /* Base */,
			);
			name = Main_iPad.storyboard;
			sourceTree = "<group>";
		};
		49A3B7DE194067CF00290A9F /* InfoPlist.strings */ = {
			isa = PBXVariantGroup;
			children = (
				49A3B7DF194067CF00290A9F /* en */,
			);
			name = InfoPlist.strings;
			sourceTree = "<group>";
		};
/* End PBXVariantGroup section */

/* Begin XCBuildConfiguration section */
		49A3B7E3194067CF00290A9F /* Debug */ = {
			isa = XCBuildConfiguration;
			buildSettings = {
				ALWAYS_SEARCH_USER_PATHS = NO;
				CLANG_CXX_LANGUAGE_STANDARD = "gnu++0x";
				CLANG_CXX_LIBRARY = "libc++";
				CLANG_ENABLE_MODULES = YES;
				CLANG_ENABLE_OBJC_ARC = YES;
				CLANG_WARN_BOOL_CONVERSION = YES;
				CLANG_WARN_CONSTANT_CONVERSION = YES;
				CLANG_WARN_DIRECT_OBJC_ISA_USAGE = YES_ERROR;
				CLANG_WARN_EMPTY_BODY = YES;
				CLANG_WARN_ENUM_CONVERSION = YES;
				CLANG_WARN_INT_CONVERSION = YES;
				CLANG_WARN_OBJC_ROOT_CLASS = YES_ERROR;
				CLANG_WARN__DUPLICATE_METHOD_MATCH = YES;
				"CODE_SIGN_IDENTITY[sdk=iphoneos*]" = "iPhone Developer";
				COPY_PHASE_STRIP = NO;
				GCC_C_LANGUAGE_STANDARD = gnu99;
				GCC_DYNAMIC_NO_PIC = NO;
				GCC_OPTIMIZATION_LEVEL = 0;
				GCC_PREPROCESSOR_DEFINITIONS = (
					"DEBUG=1",
					"$(inherited)",
				);
				GCC_SYMBOLS_PRIVATE_EXTERN = NO;
				GCC_WARN_64_TO_32_BIT_CONVERSION = YES;
				GCC_WARN_ABOUT_RETURN_TYPE = YES_ERROR;
				GCC_WARN_UNDECLARED_SELECTOR = YES;
				GCC_WARN_UNINITIALIZED_AUTOS = YES_AGGRESSIVE;
				GCC_WARN_UNUSED_FUNCTION = YES;
				GCC_WARN_UNUSED_VARIABLE = YES;
				IPHONEOS_DEPLOYMENT_TARGET = 7.1;
				ONLY_ACTIVE_ARCH = YES;
				SDKROOT = iphoneos;
				TARGETED_DEVICE_FAMILY = "1,2";
			};
			name = Debug;
		};
		49A3B7E4194067CF00290A9F /* Release */ = {
			isa = XCBuildConfiguration;
			buildSettings = {
				ALWAYS_SEARCH_USER_PATHS = NO;
				CLANG_CXX_LANGUAGE_STANDARD = "gnu++0x";
				CLANG_CXX_LIBRARY = "libc++";
				CLANG_ENABLE_MODULES = YES;
				CLANG_ENABLE_OBJC_ARC = YES;
				CLANG_WARN_BOOL_CONVERSION = YES;
				CLANG_WARN_CONSTANT_CONVERSION = YES;
				CLANG_WARN_DIRECT_OBJC_ISA_USAGE = YES_ERROR;
				CLANG_WARN_EMPTY_BODY = YES;
				CLANG_WARN_ENUM_CONVERSION = YES;
				CLANG_WARN_INT_CONVERSION = YES;
				CLANG_WARN_OBJC_ROOT_CLASS = YES_ERROR;
				CLANG_WARN__DUPLICATE_METHOD_MATCH = YES;
				"CODE_SIGN_IDENTITY[sdk=iphoneos*]" = "iPhone Developer";
				COPY_PHASE_STRIP = YES;
				ENABLE_NS_ASSERTIONS = NO;
				GCC_C_LANGUAGE_STANDARD = gnu99;
				GCC_WARN_64_TO_32_BIT_CONVERSION = YES;
				GCC_WARN_ABOUT_RETURN_TYPE = YES_ERROR;
				GCC_WARN_UNDECLARED_SELECTOR = YES;
				GCC_WARN_UNINITIALIZED_AUTOS = YES_AGGRESSIVE;
				GCC_WARN_UNUSED_FUNCTION = YES;
				GCC_WARN_UNUSED_VARIABLE = YES;
				IPHONEOS_DEPLOYMENT_TARGET = 7.1;
				SDKROOT = iphoneos;
				TARGETED_DEVICE_FAMILY = "1,2";
				VALIDATE_PRODUCT = YES;
			};
			name = Release;
		};
		49A3B7E6194067CF00290A9F /* Debug */ = {
			isa = XCBuildConfiguration;
			buildSettings = {
				ASSETCATALOG_COMPILER_APPICON_NAME = AppIcon;
				ASSETCATALOG_COMPILER_LAUNCHIMAGE_NAME = LaunchImage;
				CLANG_ENABLE_OBJC_ARC = NO;
				GCC_PRECOMPILE_PREFIX_HEADER = YES;
				GCC_PREFIX_HEADER = "CFStringCreateWithBytesTest/CFStringCreateWithBytesTest-Prefix.pch";
				INFOPLIST_FILE = "CFStringCreateWithBytesTest/CFStringCreateWithBytesTest-Info.plist";
				PRODUCT_NAME = "$(TARGET_NAME)";
				WRAPPER_EXTENSION = app;
			};
			name = Debug;
		};
		49A3B7E7194067CF00290A9F /* Release */ = {
			isa = XCBuildConfiguration;
			buildSettings = {
				ASSETCATALOG_COMPILER_APPICON_NAME = AppIcon;
				ASSETCATALOG_COMPILER_LAUNCHIMAGE_NAME = LaunchImage;
				CLANG_ENABLE_OBJC_ARC = NO;
				GCC_PRECOMPILE_PREFIX_HEADER = YES;
				GCC_PREFIX_HEADER = "CFStringCreateWithBytesTest/CFStringCreateWithBytesTest-Prefix.pch";
				INFOPLIST_FILE = "CFStringCreateWithBytesTest/CFStringCreateWithBytesTest-Info.plist";
				PRODUCT_NAME = "$(TARGET_NAME)";
				WRAPPER_EXTENSION = app;
			};
			name = Release;
		};
		49A3B7E9194067CF00290A9F /* Debug */ = {
			isa = XCBuildConfiguration;
			buildSettings = {
				BUNDLE_LOADER = "$(BUILT_PRODUCTS_DIR)/CFStringCreateWithBytesTest.app/CFStringCreateWithBytesTest";
				FRAMEWORK_SEARCH_PATHS = (
					"$(SDKROOT)/Developer/Library/Frameworks",
					"$(inherited)",
					"$(DEVELOPER_FRAMEWORKS_DIR)",
				);
				GCC_PRECOMPILE_PREFIX_HEADER = YES;
				GCC_PREFIX_HEADER = "CFStringCreateWithBytesTest/CFStringCreateWithBytesTest-Prefix.pch";
				GCC_PREPROCESSOR_DEFINITIONS = (
					"DEBUG=1",
					"$(inherited)",
				);
				INFOPLIST_FILE = "CFStringCreateWithBytesTestTests/CFStringCreateWithBytesTestTests-Info.plist";
				PRODUCT_NAME = "$(TARGET_NAME)";
				TEST_HOST = "$(BUNDLE_LOADER)";
				WRAPPER_EXTENSION = xctest;
			};
			name = Debug;
		};
		49A3B7EA194067CF00290A9F /* Release */ = {
			isa = XCBuildConfiguration;
			buildSettings = {
				BUNDLE_LOADER = "$(BUILT_PRODUCTS_DIR)/CFStringCreateWithBytesTest.app/CFStringCreateWithBytesTest";
				FRAMEWORK_SEARCH_PATHS = (
					"$(SDKROOT)/Developer/Library/Frameworks",
					"$(inherited)",
					"$(DEVELOPER_FRAMEWORKS_DIR)",
				);
				GCC_PRECOMPILE_PREFIX_HEADER = YES;
				GCC_PREFIX_HEADER = "CFStringCreateWithBytesTest/CFStringCreateWithBytesTest-Prefix.pch";
				INFOPLIST_FILE = "CFStringCreateWithBytesTestTests/CFStringCreateWithBytesTestTests-Info.plist";
				PRODUCT_NAME = "$(TARGET_NAME)";
				TEST_HOST = "$(BUNDLE_LOADER)";
				WRAPPER_EXTENSION = xctest;
			};
			name = Release;
		};
/* End XCBuildConfiguration section */

/* Begin XCConfigurationList section */
		49A3B7AB194067CE00290A9F /* Build configuration list for PBXProject "CFStringCreateWithBytesTest" */ = {
			isa = XCConfigurationList;
			buildConfigurations = (
				49A3B7E3194067CF00290A9F /* Debug */,
				49A3B7E4194067CF00290A9F /* Release */,
			);
			defaultConfigurationIsVisible = 0;
			defaultConfigurationName = Release;
		};
		49A3B7E5194067CF00290A9F /* Build configuration list for PBXNativeTarget "CFStringCreateWithBytesTest" */ = {
			isa = XCConfigurationList;
			buildConfigurations = (
				49A3B7E6194067CF00290A9F /* Debug */,
				49A3B7E7194067CF00290A9F /* Release */,
			);
			defaultConfigurationIsVisible = 0;
		};
		49A3B7E8194067CF00290A9F /* Build configuration list for PBXNativeTarget "CFStringCreateWithBytesTestTests" */ = {
			isa = XCConfigurationList;
			buildConfigurations = (
				49A3B7E9194067CF00290A9F /* Debug */,
				49A3B7EA194067CF00290A9F /* Release */,
			);
			defaultConfigurationIsVisible = 0;
		};
/* End XCConfigurationList section */
	};
	rootObject = 49A3B7A8194067CE00290A9F /* Project object */;
}
